// !$*UTF8*$!
{
	archiveVersion = 1;
	classes = {
	};
	objectVersion = 51;
	objects = {

/* Begin PBXBuildFile section */
		5381CA46B6D2BC04B565E3F8 /* Pods_WeatherAppICT.framework in Frameworks */ = {isa = PBXBuildFile; fileRef = 50085564AC5E48F7629F0341 /* Pods_WeatherAppICT.framework */; };
		C80EA8AF23B13F0600EE9126 /* DataForMinutely.swift in Sources */ = {isa = PBXBuildFile; fileRef = C80EA8AE23B13F0600EE9126 /* DataForMinutely.swift */; };
		C80EA8B123B141DE00EE9126 /* DataForHourly.swift in Sources */ = {isa = PBXBuildFile; fileRef = C80EA8B023B141DD00EE9126 /* DataForHourly.swift */; };
		C8667D7A23C31300002E8FF6 /* DaysForecastViewController.swift in Sources */ = {isa = PBXBuildFile; fileRef = C8667D7923C31300002E8FF6 /* DaysForecastViewController.swift */; };
		C89FF04523B0D0CA0025C9C9 /* Minutely.swift in Sources */ = {isa = PBXBuildFile; fileRef = C89FF03E23B0D0CA0025C9C9 /* Minutely.swift */; };
		C89FF04623B0D0CA0025C9C9 /* Data.swift in Sources */ = {isa = PBXBuildFile; fileRef = C89FF03F23B0D0CA0025C9C9 /* Data.swift */; };
		C89FF04723B0D0CA0025C9C9 /* Currently.swift in Sources */ = {isa = PBXBuildFile; fileRef = C89FF04023B0D0CA0025C9C9 /* Currently.swift */; };
		C89FF04823B0D0CA0025C9C9 /* RootClass.swift in Sources */ = {isa = PBXBuildFile; fileRef = C89FF04123B0D0CA0025C9C9 /* RootClass.swift */; };
		C89FF04923B0D0CA0025C9C9 /* Flags.swift in Sources */ = {isa = PBXBuildFile; fileRef = C89FF04223B0D0CA0025C9C9 /* Flags.swift */; };
		C89FF04A23B0D0CA0025C9C9 /* Daily.swift in Sources */ = {isa = PBXBuildFile; fileRef = C89FF04323B0D0CA0025C9C9 /* Daily.swift */; };
		C89FF04B23B0D0CA0025C9C9 /* Hourly.swift in Sources */ = {isa = PBXBuildFile; fileRef = C89FF04423B0D0CA0025C9C9 /* Hourly.swift */; };
		C8A0E71023C1E61900C6A34B /* DaysTableViewCell.swift in Sources */ = {isa = PBXBuildFile; fileRef = C8A0E70F23C1E61900C6A34B /* DaysTableViewCell.swift */; };
		C8A9AAE123B154D600E4D64F /* Ip.swift in Sources */ = {isa = PBXBuildFile; fileRef = C8A9AAE023B154D600E4D64F /* Ip.swift */; };
		C8AAA76723AB4F6E000D2A07 /* RequestHandler.swift in Sources */ = {isa = PBXBuildFile; fileRef = C8AAA76623AB4F6E000D2A07 /* RequestHandler.swift */; };
		C8EC2E3823AB4DD1008A491A /* AppDelegate.swift in Sources */ = {isa = PBXBuildFile; fileRef = C8EC2E3723AB4DD1008A491A /* AppDelegate.swift */; };
		C8EC2E3A23AB4DD1008A491A /* SceneDelegate.swift in Sources */ = {isa = PBXBuildFile; fileRef = C8EC2E3923AB4DD1008A491A /* SceneDelegate.swift */; };
		C8EC2E3C23AB4DD1008A491A /* LiveWeatherViewController.swift in Sources */ = {isa = PBXBuildFile; fileRef = C8EC2E3B23AB4DD1008A491A /* LiveWeatherViewController.swift */; };
		C8EC2E3F23AB4DD1008A491A /* Main.storyboard in Resources */ = {isa = PBXBuildFile; fileRef = C8EC2E3D23AB4DD1008A491A /* Main.storyboard */; };
		C8EC2E4123AB4DD6008A491A /* Assets.xcassets in Resources */ = {isa = PBXBuildFile; fileRef = C8EC2E4023AB4DD6008A491A /* Assets.xcassets */; };
		C8EC2E4423AB4DD6008A491A /* LaunchScreen.storyboard in Resources */ = {isa = PBXBuildFile; fileRef = C8EC2E4223AB4DD6008A491A /* LaunchScreen.storyboard */; };
		C8FA162C23DCC44800D8C49F /* TodayTomorrowCollectionViewCell.swift in Sources */ = {isa = PBXBuildFile; fileRef = C8FA162B23DCC44800D8C49F /* TodayTomorrowCollectionViewCell.swift */; };
/* End PBXBuildFile section */

/* Begin PBXFileReference section */
		1F287C0EB7319381FF8F676B /* Pods-WeatherAppICT.debug.xcconfig */ = {isa = PBXFileReference; includeInIndex = 1; lastKnownFileType = text.xcconfig; name = "Pods-WeatherAppICT.debug.xcconfig"; path = "Target Support Files/Pods-WeatherAppICT/Pods-WeatherAppICT.debug.xcconfig"; sourceTree = "<group>"; };
		50085564AC5E48F7629F0341 /* Pods_WeatherAppICT.framework */ = {isa = PBXFileReference; explicitFileType = wrapper.framework; includeInIndex = 0; path = Pods_WeatherAppICT.framework; sourceTree = BUILT_PRODUCTS_DIR; };
		C3DC6F5E7E1F4E4A4426137A /* Pods-WeatherAppICT.release.xcconfig */ = {isa = PBXFileReference; includeInIndex = 1; lastKnownFileType = text.xcconfig; name = "Pods-WeatherAppICT.release.xcconfig"; path = "Target Support Files/Pods-WeatherAppICT/Pods-WeatherAppICT.release.xcconfig"; sourceTree = "<group>"; };
		C80EA8AE23B13F0600EE9126 /* DataForMinutely.swift */ = {isa = PBXFileReference; fileEncoding = 4; lastKnownFileType = sourcecode.swift; path = DataForMinutely.swift; sourceTree = "<group>"; };
		C80EA8B023B141DD00EE9126 /* DataForHourly.swift */ = {isa = PBXFileReference; fileEncoding = 4; lastKnownFileType = sourcecode.swift; path = DataForHourly.swift; sourceTree = "<group>"; };
		C8667D7923C31300002E8FF6 /* DaysForecastViewController.swift */ = {isa = PBXFileReference; lastKnownFileType = sourcecode.swift; path = DaysForecastViewController.swift; sourceTree = "<group>"; };
		C89FF03E23B0D0CA0025C9C9 /* Minutely.swift */ = {isa = PBXFileReference; fileEncoding = 4; lastKnownFileType = sourcecode.swift; path = Minutely.swift; sourceTree = "<group>"; };
		C89FF03F23B0D0CA0025C9C9 /* Data.swift */ = {isa = PBXFileReference; fileEncoding = 4; lastKnownFileType = sourcecode.swift; path = Data.swift; sourceTree = "<group>"; };
		C89FF04023B0D0CA0025C9C9 /* Currently.swift */ = {isa = PBXFileReference; fileEncoding = 4; lastKnownFileType = sourcecode.swift; path = Currently.swift; sourceTree = "<group>"; };
		C89FF04123B0D0CA0025C9C9 /* RootClass.swift */ = {isa = PBXFileReference; fileEncoding = 4; lastKnownFileType = sourcecode.swift; path = RootClass.swift; sourceTree = "<group>"; };
		C89FF04223B0D0CA0025C9C9 /* Flags.swift */ = {isa = PBXFileReference; fileEncoding = 4; lastKnownFileType = sourcecode.swift; path = Flags.swift; sourceTree = "<group>"; };
		C89FF04323B0D0CA0025C9C9 /* Daily.swift */ = {isa = PBXFileReference; fileEncoding = 4; lastKnownFileType = sourcecode.swift; path = Daily.swift; sourceTree = "<group>"; };
		C89FF04423B0D0CA0025C9C9 /* Hourly.swift */ = {isa = PBXFileReference; fileEncoding = 4; lastKnownFileType = sourcecode.swift; path = Hourly.swift; sourceTree = "<group>"; };
		C8A0E70F23C1E61900C6A34B /* DaysTableViewCell.swift */ = {isa = PBXFileReference; lastKnownFileType = sourcecode.swift; path = DaysTableViewCell.swift; sourceTree = "<group>"; };
		C8A9AAE023B154D600E4D64F /* Ip.swift */ = {isa = PBXFileReference; fileEncoding = 4; lastKnownFileType = sourcecode.swift; path = Ip.swift; sourceTree = "<group>"; };
		C8AAA76623AB4F6E000D2A07 /* RequestHandler.swift */ = {isa = PBXFileReference; lastKnownFileType = sourcecode.swift; path = RequestHandler.swift; sourceTree = "<group>"; };
		C8EC2E3423AB4DD1008A491A /* WeatherAppICT.app */ = {isa = PBXFileReference; explicitFileType = wrapper.application; includeInIndex = 0; path = WeatherAppICT.app; sourceTree = BUILT_PRODUCTS_DIR; };
		C8EC2E3723AB4DD1008A491A /* AppDelegate.swift */ = {isa = PBXFileReference; lastKnownFileType = sourcecode.swift; path = AppDelegate.swift; sourceTree = "<group>"; };
		C8EC2E3923AB4DD1008A491A /* SceneDelegate.swift */ = {isa = PBXFileReference; lastKnownFileType = sourcecode.swift; path = SceneDelegate.swift; sourceTree = "<group>"; };
		C8EC2E3B23AB4DD1008A491A /* LiveWeatherViewController.swift */ = {isa = PBXFileReference; lastKnownFileType = sourcecode.swift; path = LiveWeatherViewController.swift; sourceTree = "<group>"; };
		C8EC2E3E23AB4DD1008A491A /* Base */ = {isa = PBXFileReference; lastKnownFileType = file.storyboard; name = Base; path = Base.lproj/Main.storyboard; sourceTree = "<group>"; };
		C8EC2E4023AB4DD6008A491A /* Assets.xcassets */ = {isa = PBXFileReference; lastKnownFileType = folder.assetcatalog; path = Assets.xcassets; sourceTree = "<group>"; };
		C8EC2E4323AB4DD6008A491A /* Base */ = {isa = PBXFileReference; lastKnownFileType = file.storyboard; name = Base; path = Base.lproj/LaunchScreen.storyboard; sourceTree = "<group>"; };
		C8EC2E4523AB4DD6008A491A /* Info.plist */ = {isa = PBXFileReference; lastKnownFileType = text.plist.xml; path = Info.plist; sourceTree = "<group>"; };
		C8FA162B23DCC44800D8C49F /* TodayTomorrowCollectionViewCell.swift */ = {isa = PBXFileReference; lastKnownFileType = sourcecode.swift; path = TodayTomorrowCollectionViewCell.swift; sourceTree = "<group>"; };
/* End PBXFileReference section */

/* Begin PBXFrameworksBuildPhase section */
		C8EC2E3123AB4DD1008A491A /* Frameworks */ = {
			isa = PBXFrameworksBuildPhase;
			buildActionMask = 2147483647;
			files = (
				5381CA46B6D2BC04B565E3F8 /* Pods_WeatherAppICT.framework in Frameworks */,
			);
			runOnlyForDeploymentPostprocessing = 0;
		};
/* End PBXFrameworksBuildPhase section */

/* Begin PBXGroup section */
		08035A7814AE34CDE8819B80 /* Frameworks */ = {
			isa = PBXGroup;
			children = (
				50085564AC5E48F7629F0341 /* Pods_WeatherAppICT.framework */,
			);
			name = Frameworks;
			sourceTree = "<group>";
		};
		491E33328ABB64D0BFF37A12 /* Pods */ = {
			isa = PBXGroup;
			children = (
				1F287C0EB7319381FF8F676B /* Pods-WeatherAppICT.debug.xcconfig */,
				C3DC6F5E7E1F4E4A4426137A /* Pods-WeatherAppICT.release.xcconfig */,
			);
			path = Pods;
			sourceTree = "<group>";
		};
		C8A9AADF23B154A100E4D64F /* Weather */ = {
			isa = PBXGroup;
			children = (
				C80EA8AE23B13F0600EE9126 /* DataForMinutely.swift */,
				C89FF04023B0D0CA0025C9C9 /* Currently.swift */,
				C80EA8B023B141DD00EE9126 /* DataForHourly.swift */,
				C89FF04323B0D0CA0025C9C9 /* Daily.swift */,
				C89FF03F23B0D0CA0025C9C9 /* Data.swift */,
				C89FF04223B0D0CA0025C9C9 /* Flags.swift */,
				C89FF04423B0D0CA0025C9C9 /* Hourly.swift */,
				C89FF03E23B0D0CA0025C9C9 /* Minutely.swift */,
				C89FF04123B0D0CA0025C9C9 /* RootClass.swift */,
			);
			path = Weather;
			sourceTree = "<group>";
		};
		C8AAA76223AB4E9C000D2A07 /* View */ = {
			isa = PBXGroup;
			children = (
				C8EC2E3D23AB4DD1008A491A /* Main.storyboard */,
				C8EC2E4223AB4DD6008A491A /* LaunchScreen.storyboard */,
			);
			path = View;
			sourceTree = "<group>";
		};
		C8AAA76323AB4EBA000D2A07 /* Controller */ = {
			isa = PBXGroup;
			children = (
				C8EC2E3723AB4DD1008A491A /* AppDelegate.swift */,
				C8EC2E3923AB4DD1008A491A /* SceneDelegate.swift */,
				C8FA162B23DCC44800D8C49F /* TodayTomorrowCollectionViewCell.swift */,
				C8EC2E3B23AB4DD1008A491A /* LiveWeatherViewController.swift */,
				C8AAA76623AB4F6E000D2A07 /* RequestHandler.swift */,
				C8A0E70F23C1E61900C6A34B /* DaysTableViewCell.swift */,
				C8667D7923C31300002E8FF6 /* DaysForecastViewController.swift */,
			);
			path = Controller;
			sourceTree = "<group>";
		};
		C8AAA76423AB4ED1000D2A07 /* Other */ = {
			isa = PBXGroup;
			children = (
				C8EC2E4023AB4DD6008A491A /* Assets.xcassets */,
			);
			path = Other;
			sourceTree = "<group>";
		};
		C8AAA76523AB4EE9000D2A07 /* Model */ = {
			isa = PBXGroup;
			children = (
				C8A9AAE023B154D600E4D64F /* Ip.swift */,
				C8A9AADF23B154A100E4D64F /* Weather */,
			);
			path = Model;
			sourceTree = "<group>";
		};
		C8EC2E2B23AB4DD1008A491A = {
			isa = PBXGroup;
			children = (
				C8EC2E3623AB4DD1008A491A /* WeatherAppICT */,
				C8EC2E3523AB4DD1008A491A /* Products */,
				491E33328ABB64D0BFF37A12 /* Pods */,
				08035A7814AE34CDE8819B80 /* Frameworks */,
			);
			sourceTree = "<group>";
		};
		C8EC2E3523AB4DD1008A491A /* Products */ = {
			isa = PBXGroup;
			children = (
				C8EC2E3423AB4DD1008A491A /* WeatherAppICT.app */,
			);
			name = Products;
			sourceTree = "<group>";
		};
		C8EC2E3623AB4DD1008A491A /* WeatherAppICT */ = {
			isa = PBXGroup;
			children = (
				C8EC2E4523AB4DD6008A491A /* Info.plist */,
				C8AAA76523AB4EE9000D2A07 /* Model */,
				C8AAA76223AB4E9C000D2A07 /* View */,
				C8AAA76323AB4EBA000D2A07 /* Controller */,
				C8AAA76423AB4ED1000D2A07 /* Other */,
			);
			path = WeatherAppICT;
			sourceTree = "<group>";
		};
/* End PBXGroup section */

/* Begin PBXNativeTarget section */
		C8EC2E3323AB4DD1008A491A /* WeatherAppICT */ = {
			isa = PBXNativeTarget;
			buildConfigurationList = C8EC2E4823AB4DD6008A491A /* Build configuration list for PBXNativeTarget "WeatherAppICT" */;
			buildPhases = (
				240D9CD6E49A67B267ECD8A5 /* [CP] Check Pods Manifest.lock */,
				C8EC2E3023AB4DD1008A491A /* Sources */,
				C8EC2E3123AB4DD1008A491A /* Frameworks */,
				C8EC2E3223AB4DD1008A491A /* Resources */,
				E560FF5864CF7079E3B9675F /* [CP] Embed Pods Frameworks */,
			);
			buildRules = (
			);
			dependencies = (
			);
			name = WeatherAppICT;
			productName = WeatherAppICT;
			productReference = C8EC2E3423AB4DD1008A491A /* WeatherAppICT.app */;
			productType = "com.apple.product-type.application";
		};
/* End PBXNativeTarget section */

/* Begin PBXProject section */
		C8EC2E2C23AB4DD1008A491A /* Project object */ = {
			isa = PBXProject;
			attributes = {
				LastSwiftUpdateCheck = 1130;
				LastUpgradeCheck = 1130;
				ORGANIZATIONNAME = "Md Zahidul Islam Mazumder";
				TargetAttributes = {
					C8EC2E3323AB4DD1008A491A = {
						CreatedOnToolsVersion = 11.3;
					};
				};
			};
			buildConfigurationList = C8EC2E2F23AB4DD1008A491A /* Build configuration list for PBXProject "WeatherAppICT" */;
			compatibilityVersion = "Xcode 9.3";
			developmentRegion = en;
			hasScannedForEncodings = 0;
			knownRegions = (
				en,
				Base,
			);
			mainGroup = C8EC2E2B23AB4DD1008A491A;
			productRefGroup = C8EC2E3523AB4DD1008A491A /* Products */;
			projectDirPath = "";
			projectRoot = "";
			targets = (
				C8EC2E3323AB4DD1008A491A /* WeatherAppICT */,
			);
		};
/* End PBXProject section */

/* Begin PBXResourcesBuildPhase section */
		C8EC2E3223AB4DD1008A491A /* Resources */ = {
			isa = PBXResourcesBuildPhase;
			buildActionMask = 2147483647;
			files = (
				C8EC2E4423AB4DD6008A491A /* LaunchScreen.storyboard in Resources */,
				C8EC2E4123AB4DD6008A491A /* Assets.xcassets in Resources */,
				C8EC2E3F23AB4DD1008A491A /* Main.storyboard in Resources */,
			);
			runOnlyForDeploymentPostprocessing = 0;
		};
/* End PBXResourcesBuildPhase section */

/* Begin PBXShellScriptBuildPhase section */
		240D9CD6E49A67B267ECD8A5 /* [CP] Check Pods Manifest.lock */ = {
			isa = PBXShellScriptBuildPhase;
			buildActionMask = 2147483647;
			files = (
			);
			inputFileListPaths = (
			);
			inputPaths = (
				"${PODS_PODFILE_DIR_PATH}/Podfile.lock",
				"${PODS_ROOT}/Manifest.lock",
			);
			name = "[CP] Check Pods Manifest.lock";
			outputFileListPaths = (
			);
			outputPaths = (
				"$(DERIVED_FILE_DIR)/Pods-WeatherAppICT-checkManifestLockResult.txt",
			);
			runOnlyForDeploymentPostprocessing = 0;
			shellPath = /bin/sh;
			shellScript = "diff \"${PODS_PODFILE_DIR_PATH}/Podfile.lock\" \"${PODS_ROOT}/Manifest.lock\" > /dev/null\nif [ $? != 0 ] ; then\n    # print error to STDERR\n    echo \"error: The sandbox is not in sync with the Podfile.lock. Run 'pod install' or update your CocoaPods installation.\" >&2\n    exit 1\nfi\n# This output is used by Xcode 'outputs' to avoid re-running this script phase.\necho \"SUCCESS\" > \"${SCRIPT_OUTPUT_FILE_0}\"\n";
			showEnvVarsInLog = 0;
		};
		E560FF5864CF7079E3B9675F /* [CP] Embed Pods Frameworks */ = {
			isa = PBXShellScriptBuildPhase;
			buildActionMask = 2147483647;
			files = (
			);
			inputFileListPaths = (
				"${PODS_ROOT}/Target Support Files/Pods-WeatherAppICT/Pods-WeatherAppICT-frameworks-${CONFIGURATION}-input-files.xcfilelist",
			);
			name = "[CP] Embed Pods Frameworks";
			outputFileListPaths = (
				"${PODS_ROOT}/Target Support Files/Pods-WeatherAppICT/Pods-WeatherAppICT-frameworks-${CONFIGURATION}-output-files.xcfilelist",
			);
			runOnlyForDeploymentPostprocessing = 0;
			shellPath = /bin/sh;
			shellScript = "\"${PODS_ROOT}/Target Support Files/Pods-WeatherAppICT/Pods-WeatherAppICT-frameworks.sh\"\n";
			showEnvVarsInLog = 0;
		};
/* End PBXShellScriptBuildPhase section */

/* Begin PBXSourcesBuildPhase section */
		C8EC2E3023AB4DD1008A491A /* Sources */ = {
			isa = PBXSourcesBuildPhase;
			buildActionMask = 2147483647;
			files = (
				C89FF04B23B0D0CA0025C9C9 /* Hourly.swift in Sources */,
				C8A0E71023C1E61900C6A34B /* DaysTableViewCell.swift in Sources */,
				C80EA8B123B141DE00EE9126 /* DataForHourly.swift in Sources */,
				C8EC2E3C23AB4DD1008A491A /* LiveWeatherViewController.swift in Sources */,
				C8667D7A23C31300002E8FF6 /* DaysForecastViewController.swift in Sources */,
				C89FF04A23B0D0CA0025C9C9 /* Daily.swift in Sources */,
				C89FF04623B0D0CA0025C9C9 /* Data.swift in Sources */,
				C8A9AAE123B154D600E4D64F /* Ip.swift in Sources */,
				C89FF04523B0D0CA0025C9C9 /* Minutely.swift in Sources */,
				C8EC2E3823AB4DD1008A491A /* AppDelegate.swift in Sources */,
				C89FF04823B0D0CA0025C9C9 /* RootClass.swift in Sources */,
				C8AAA76723AB4F6E000D2A07 /* RequestHandler.swift in Sources */,
				C8FA162C23DCC44800D8C49F /* TodayTomorrowCollectionViewCell.swift in Sources */,
				C89FF04923B0D0CA0025C9C9 /* Flags.swift in Sources */,
				C8EC2E3A23AB4DD1008A491A /* SceneDelegate.swift in Sources */,
				C89FF04723B0D0CA0025C9C9 /* Currently.swift in Sources */,
				C80EA8AF23B13F0600EE9126 /* DataForMinutely.swift in Sources */,
			);
			runOnlyForDeploymentPostprocessing = 0;
		};
/* End PBXSourcesBuildPhase section */

/* Begin PBXVariantGroup section */
		C8EC2E3D23AB4DD1008A491A /* Main.storyboard */ = {
			isa = PBXVariantGroup;
			children = (
				C8EC2E3E23AB4DD1008A491A /* Base */,
			);
			name = Main.storyboard;
			sourceTree = "<group>";
		};
		C8EC2E4223AB4DD6008A491A /* LaunchScreen.storyboard */ = {
			isa = PBXVariantGroup;
			children = (
				C8EC2E4323AB4DD6008A491A /* Base */,
			);
			name = LaunchScreen.storyboard;
			sourceTree = "<group>";
		};
/* End PBXVariantGroup section */

/* Begin XCBuildConfiguration section */
		C8EC2E4623AB4DD6008A491A /* Debug */ = {
			isa = XCBuildConfiguration;
			buildSettings = {
				ALWAYS_SEARCH_USER_PATHS = NO;
				CLANG_ANALYZER_NONNULL = YES;
				CLANG_ANALYZER_NUMBER_OBJECT_CONVERSION = YES_AGGRESSIVE;
				CLANG_CXX_LANGUAGE_STANDARD = "gnu++14";
				CLANG_CXX_LIBRARY = "libc++";
				CLANG_ENABLE_MODULES = YES;
				CLANG_ENABLE_OBJC_ARC = YES;
				CLANG_ENABLE_OBJC_WEAK = YES;
				CLANG_WARN_BLOCK_CAPTURE_AUTORELEASING = YES;
				CLANG_WARN_BOOL_CONVERSION = YES;
				CLANG_WARN_COMMA = YES;
				CLANG_WARN_CONSTANT_CONVERSION = YES;
				CLANG_WARN_DEPRECATED_OBJC_IMPLEMENTATIONS = YES;
				CLANG_WARN_DIRECT_OBJC_ISA_USAGE = YES_ERROR;
				CLANG_WARN_DOCUMENTATION_COMMENTS = YES;
				CLANG_WARN_EMPTY_BODY = YES;
				CLANG_WARN_ENUM_CONVERSION = YES;
				CLANG_WARN_INFINITE_RECURSION = YES;
				CLANG_WARN_INT_CONVERSION = YES;
				CLANG_WARN_NON_LITERAL_NULL_CONVERSION = YES;
				CLANG_WARN_OBJC_IMPLICIT_RETAIN_SELF = YES;
				CLANG_WARN_OBJC_LITERAL_CONVERSION = YES;
				CLANG_WARN_OBJC_ROOT_CLASS = YES_ERROR;
				CLANG_WARN_RANGE_LOOP_ANALYSIS = YES;
				CLANG_WARN_STRICT_PROTOTYPES = YES;
				CLANG_WARN_SUSPICIOUS_MOVE = YES;
				CLANG_WARN_UNGUARDED_AVAILABILITY = YES_AGGRESSIVE;
				CLANG_WARN_UNREACHABLE_CODE = YES;
				CLANG_WARN__DUPLICATE_METHOD_MATCH = YES;
				COPY_PHASE_STRIP = NO;
				DEBUG_INFORMATION_FORMAT = dwarf;
				ENABLE_STRICT_OBJC_MSGSEND = YES;
				ENABLE_TESTABILITY = YES;
				GCC_C_LANGUAGE_STANDARD = gnu11;
				GCC_DYNAMIC_NO_PIC = NO;
				GCC_NO_COMMON_BLOCKS = YES;
				GCC_OPTIMIZATION_LEVEL = 0;
				GCC_PREPROCESSOR_DEFINITIONS = (
					"DEBUG=1",
					"$(inherited)",
				);
				GCC_WARN_64_TO_32_BIT_CONVERSION = YES;
				GCC_WARN_ABOUT_RETURN_TYPE = YES_ERROR;
				GCC_WARN_UNDECLARED_SELECTOR = YES;
				GCC_WARN_UNINITIALIZED_AUTOS = YES_AGGRESSIVE;
				GCC_WARN_UNUSED_FUNCTION = YES;
				GCC_WARN_UNUSED_VARIABLE = YES;
				IPHONEOS_DEPLOYMENT_TARGET = 13.2;
				MTL_ENABLE_DEBUG_INFO = INCLUDE_SOURCE;
				MTL_FAST_MATH = YES;
				ONLY_ACTIVE_ARCH = YES;
				SDKROOT = iphoneos;
				SWIFT_ACTIVE_COMPILATION_CONDITIONS = DEBUG;
				SWIFT_OPTIMIZATION_LEVEL = "-Onone";
			};
			name = Debug;
		};
		C8EC2E4723AB4DD6008A491A /* Release */ = {
			isa = XCBuildConfiguration;
			buildSettings = {
				ALWAYS_SEARCH_USER_PATHS = NO;
				CLANG_ANALYZER_NONNULL = YES;
				CLANG_ANALYZER_NUMBER_OBJECT_CONVERSION = YES_AGGRESSIVE;
				CLANG_CXX_LANGUAGE_STANDARD = "gnu++14";
				CLANG_CXX_LIBRARY = "libc++";
				CLANG_ENABLE_MODULES = YES;
				CLANG_ENABLE_OBJC_ARC = YES;
				CLANG_ENABLE_OBJC_WEAK = YES;
				CLANG_WARN_BLOCK_CAPTURE_AUTORELEASING = YES;
				CLANG_WARN_BOOL_CONVERSION = YES;
				CLANG_WARN_COMMA = YES;
				CLANG_WARN_CONSTANT_CONVERSION = YES;
				CLANG_WARN_DEPRECATED_OBJC_IMPLEMENTATIONS = YES;
				CLANG_WARN_DIRECT_OBJC_ISA_USAGE = YES_ERROR;
				CLANG_WARN_DOCUMENTATION_COMMENTS = YES;
				CLANG_WARN_EMPTY_BODY = YES;
				CLANG_WARN_ENUM_CONVERSION = YES;
				CLANG_WARN_INFINITE_RECURSION = YES;
				CLANG_WARN_INT_CONVERSION = YES;
				CLANG_WARN_NON_LITERAL_NULL_CONVERSION = YES;
				CLANG_WARN_OBJC_IMPLICIT_RETAIN_SELF = YES;
				CLANG_WARN_OBJC_LITERAL_CONVERSION = YES;
				CLANG_WARN_OBJC_ROOT_CLASS = YES_ERROR;
				CLANG_WARN_RANGE_LOOP_ANALYSIS = YES;
				CLANG_WARN_STRICT_PROTOTYPES = YES;
				CLANG_WARN_SUSPICIOUS_MOVE = YES;
				CLANG_WARN_UNGUARDED_AVAILABILITY = YES_AGGRESSIVE;
				CLANG_WARN_UNREACHABLE_CODE = YES;
				CLANG_WARN__DUPLICATE_METHOD_MATCH = YES;
				COPY_PHASE_STRIP = NO;
				DEBUG_INFORMATION_FORMAT = "dwarf-with-dsym";
				ENABLE_NS_ASSERTIONS = NO;
				ENABLE_STRICT_OBJC_MSGSEND = YES;
				GCC_C_LANGUAGE_STANDARD = gnu11;
				GCC_NO_COMMON_BLOCKS = YES;
				GCC_WARN_64_TO_32_BIT_CONVERSION = YES;
				GCC_WARN_ABOUT_RETURN_TYPE = YES_ERROR;
				GCC_WARN_UNDECLARED_SELECTOR = YES;
				GCC_WARN_UNINITIALIZED_AUTOS = YES_AGGRESSIVE;
				GCC_WARN_UNUSED_FUNCTION = YES;
				GCC_WARN_UNUSED_VARIABLE = YES;
				IPHONEOS_DEPLOYMENT_TARGET = 13.2;
				MTL_ENABLE_DEBUG_INFO = NO;
				MTL_FAST_MATH = YES;
				SDKROOT = iphoneos;
				SWIFT_COMPILATION_MODE = wholemodule;
				SWIFT_OPTIMIZATION_LEVEL = "-O";
				VALIDATE_PRODUCT = YES;
			};
			name = Release;
		};
		C8EC2E4923AB4DD6008A491A /* Debug */ = {
			isa = XCBuildConfiguration;
			baseConfigurationReference = 1F287C0EB7319381FF8F676B /* Pods-WeatherAppICT.debug.xcconfig */;
			buildSettings = {
				ASSETCATALOG_COMPILER_APPICON_NAME = AppIcon;
				CODE_SIGN_STYLE = Automatic;
				DEVELOPMENT_TEAM = 94Z6QS6A4W;
				INFOPLIST_FILE = WeatherAppICT/Info.plist;
				IPHONEOS_DEPLOYMENT_TARGET = 13.0;
				LD_RUNPATH_SEARCH_PATHS = (
					"$(inherited)",
					"@executable_path/Frameworks",
				);
				PRODUCT_BUNDLE_IDENTIFIER = com.zahidBd.WeatherAppICT;
				PRODUCT_NAME = "$(TARGET_NAME)";
				SWIFT_VERSION = 5.0;
				TARGETED_DEVICE_FAMILY = "1,2";
			};
			name = Debug;
		};
		C8EC2E4A23AB4DD6008A491A /* Release */ = {
			isa = XCBuildConfiguration;
			baseConfigurationReference = C3DC6F5E7E1F4E4A4426137A /* Pods-WeatherAppICT.release.xcconfig */;
			buildSettings = {
				ASSETCATALOG_COMPILER_APPICON_NAME = AppIcon;
				CODE_SIGN_STYLE = Automatic;
				DEVELOPMENT_TEAM = 94Z6QS6A4W;
				INFOPLIST_FILE = WeatherAppICT/Info.plist;
				IPHONEOS_DEPLOYMENT_TARGET = 13.0;
				LD_RUNPATH_SEARCH_PATHS = (
					"$(inherited)",
					"@executable_path/Frameworks",
				);
				PRODUCT_BUNDLE_IDENTIFIER = com.zahidBd.WeatherAppICT;
				PRODUCT_NAME = "$(TARGET_NAME)";
				SWIFT_VERSION = 5.0;
				TARGETED_DEVICE_FAMILY = "1,2";
			};
			name = Release;
		};
/* End XCBuildConfiguration section */

/* Begin XCConfigurationList section */
		C8EC2E2F23AB4DD1008A491A /* Build configuration list for PBXProject "WeatherAppICT" */ = {
			isa = XCConfigurationList;
			buildConfigurations = (
				C8EC2E4623AB4DD6008A491A /* Debug */,
				C8EC2E4723AB4DD6008A491A /* Release */,
			);
			defaultConfigurationIsVisible = 0;
			defaultConfigurationName = Release;
		};
		C8EC2E4823AB4DD6008A491A /* Build configuration list for PBXNativeTarget "WeatherAppICT" */ = {
			isa = XCConfigurationList;
			buildConfigurations = (
				C8EC2E4923AB4DD6008A491A /* Debug */,
				C8EC2E4A23AB4DD6008A491A /* Release */,
			);
			defaultConfigurationIsVisible = 0;
			defaultConfigurationName = Release;
		};
/* End XCConfigurationList section */
	};
	rootObject = C8EC2E2C23AB4DD1008A491A /* Project object */;
}
